{
  "name": "oraclize",
  "version": "1.0.0",
  "lockfileVersion": 2,
  "requires": true,
  "packages": {
    "": {
      "name": "oraclize",
      "version": "1.0.0",
      "license": "ISC",
      "dependencies": {
        "provable-eth-api": "^0.5.0-npmfix"
      }
    },
    "node_modules/provable-eth-api": {
      "version": "0.5.0-npmfix",
      "resolved": "https://registry.npmjs.org/provable-eth-api/-/provable-eth-api-0.5.0-npmfix.tgz",
      "integrity": "sha512-9qWihRgtMjrS900xwYzTzVjl6c9R8r22F6v9yn/z2UjYrjGc2Ak2T4/iHFr3KWIQYLUc4U5NhnOpLWiCZOoQ6A=="
    }
  },
  "dependencies": {
    "provable-eth-api": {
      "version": "0.5.0-npmfix",
      "resolved": "https://registry.npmjs.org/provable-eth-api/-/provable-eth-api-0.5.0-npmfix.tgz",
      "integrity": "sha512-9qWihRgtMjrS900xwYzTzVjl6c9R8r22F6v9yn/z2UjYrjGc2Ak2T4/iHFr3KWIQYLUc4U5NhnOpLWiCZOoQ6A=="
    }
  }
}
